
Microsoft Visual Studio Solution File, Format Version 12.00
# Visual Studio Version 16
VisualStudioVersion = 16.0.30204.135
MinimumVisualStudioVersion = 10.0.40219.1
Project("{FAE04EC0-301F-11D3-BF4B-00C04F79EFBC}") = "compressTextFile", "compressTextFile\compressTextFile.csproj", "{FA265F4B-32E9-44C2-AB4B-5AC60943750E}"
EndProject
Global
	GlobalSection(SolutionConfigurationPlatforms) = preSolution
		Debug|Any CPU = Debug|Any CPU
		Release|Any CPU = Release|Any CPU
	EndGlobalSection
	GlobalSection(ProjectConfigurationPlatforms) = postSolution
		{FA265F4B-32E9-44C2-AB4B-5AC60943750E}.Debug|Any CPU.ActiveCfg = Debug|Any CPU
		{FA265F4B-32E9-44C2-AB4B-5AC60943750E}.Debug|Any CPU.Build.0 = Debug|Any CPU
		{FA265F4B-32E9-44C2-AB4B-5AC60943750E}.Release|Any CPU.ActiveCfg = Release|Any CPU
		{FA265F4B-32E9-44C2-AB4B-5AC60943750E}.Release|Any CPU.Build.0 = Release|Any CPU
	EndGlobalSection
	GlobalSection(SolutionProperties) = preSolution
		HideSolutionNode = FALSE
	EndGlobalSection
	GlobalSection(ExtensibilityGlobals) = postSolution
		SolutionGuid = {DA7F6268-75AA-4EED-8054-0CFFBE6B4A5F}
	EndGlobalSection
EndGlobal
